
Microsoft Visual Studio Solution File, Format Version 12.00
# Visual Studio Version 17
VisualStudioVersion = 17.6.33815.320
MinimumVisualStudioVersion = 10.0.40219.1
Project("{FAE04EC0-301F-11D3-BF4B-00C04F79EFBC}") = "Schedule", "Schedule.csproj", "{1B39BF24-678A-446F-A502-04774CA5E07E}"
EndProject
Global
	GlobalSection(SolutionConfigurationPlatforms) = preSolution
		Debug|Any CPU = Debug|Any CPU
		Release|Any CPU = Release|Any CPU
	EndGlobalSection
	GlobalSection(ProjectConfigurationPlatforms) = postSolution
		{1B39BF24-678A-446F-A502-04774CA5E07E}.Debug|Any CPU.ActiveCfg = Debug|Any CPU
		{1B39BF24-678A-446F-A502-04774CA5E07E}.Debug|Any CPU.Build.0 = Debug|Any CPU
		{1B39BF24-678A-446F-A502-04774CA5E07E}.Release|Any CPU.ActiveCfg = Release|Any CPU
		{1B39BF24-678A-446F-A502-04774CA5E07E}.Release|Any CPU.Build.0 = Release|Any CPU
	EndGlobalSection
	GlobalSection(SolutionProperties) = preSolution
		HideSolutionNode = FALSE
	EndGlobalSection
	GlobalSection(ExtensibilityGlobals) = postSolution
		SolutionGuid = {D7CFBB5D-37C1-4073-91A8-CC78537A01FC}
	EndGlobalSection
EndGlobal
